
Microsoft Visual Studio Solution File, Format Version 12.00
# Visual Studio 15
VisualStudioVersion = 15.0.28307.329
MinimumVisualStudioVersion = 10.0.40219.1
Project("{8BC9CEB8-8B4A-11D0-8D11-00A0C91BC942}") = "Analysis", "Analysis\Analysis.vcxproj", "{50C08623-DCF8-4A4D-881B-361D047A160A}"
EndProject
Project("{FAE04EC0-301F-11D3-BF4B-00C04F79EFBC}") = "ClientGUI", "ClientGUI\ClientGUI.csproj", "{FE34F2E6-255B-4B36-9844-1924F79D8B0D}"
EndProject
Project("{8BC9CEB8-8B4A-11D0-8D11-00A0C91BC942}") = "CodePublisher", "CodePublisher\CodePublisher.vcxproj", "{EFC85E58-C486-42CC-B03A-BA5A02AAA482}"
EndProject
Project("{8BC9CEB8-8B4A-11D0-8D11-00A0C91BC942}") = "CodePublisherInterface", "CodePublisherInterface\CodePublisherInterface.vcxproj", "{EA9B09C3-4FBB-455A-AF80-1CFDF9C17143}"
EndProject
Project("{8BC9CEB8-8B4A-11D0-8D11-00A0C91BC942}") = "Converter", "Converter\Converter.vcxproj", "{D62F26AD-4744-4FCF-83D9-FC02A3BF07A9}"
EndProject
Project("{8BC9CEB8-8B4A-11D0-8D11-00A0C91BC942}") = "Dependencies", "Dependencies\Dependencies.vcxproj", "{9D238CB9-978F-4226-97B3-BE66FC1EB1E2}"
EndProject
Project("{8BC9CEB8-8B4A-11D0-8D11-00A0C91BC942}") = "Display", "Display\Display.vcxproj", "{FC04595E-38D3-4F0F-84E4-C550FC73763B}"
EndProject
Project("{8BC9CEB8-8B4A-11D0-8D11-00A0C91BC942}") = "Loader", "Loader\Loader.vcxproj", "{D54D37E3-B0CE-4B52-BB3E-559C96D48E34}"
EndProject
Project("{8BC9CEB8-8B4A-11D0-8D11-00A0C91BC942}") = "PublisherFactory", "PublisherFactory\PublisherFactory.vcxproj", "{255577DE-F1F4-4BFD-9C03-099E1168E474}"
EndProject
Project("{8BC9CEB8-8B4A-11D0-8D11-00A0C91BC942}") = "RegularExp", "RegularExp\RegularExp.vcxproj", "{B9CA815B-4C30-4064-9FE4-1E38225FA960}"
EndProject
Project("{8BC9CEB8-8B4A-11D0-8D11-00A0C91BC942}") = "Show", "Show\Show.vcxproj", "{DBADCE6B-0B5F-4CCB-9A9D-866DBFC3FC45}"
EndProject
Project("{8BC9CEB8-8B4A-11D0-8D11-00A0C91BC942}") = "Parser", "FawcettPackage\Parser\Parser.vcxproj", "{77BE9964-7862-4D05-AFF0-B42718AAE386}"
EndProject
Project("{8BC9CEB8-8B4A-11D0-8D11-00A0C91BC942}") = "Process", "FawcettPackage\Process\Process.vcxproj", "{5E2548A1-C280-49E1-A2B6-55F4BA12B3F2}"
EndProject
Project("{8BC9CEB8-8B4A-11D0-8D11-00A0C91BC942}") = "FileSystem", "FawcettPackage\FileSystem\FileSystem.vcxproj", "{04CB7A5F-7472-4F19-9EA9-00B80063658C}"
EndProject
Project("{8BC9CEB8-8B4A-11D0-8D11-00A0C91BC942}") = "DirExplorer-Naive", "FawcettPackage\DirExplorer-Naive\DirExplorer-Naive.vcxproj", "{8006BB01-EE84-43EA-9C98-4216A68F2530}"
EndProject
Project("{8BC9CEB8-8B4A-11D0-8D11-00A0C91BC942}") = "Sockets", "CppCommWithFileXfer\Sockets\Sockets.vcxproj", "{CA3129B8-1BF4-44C9-B116-53EC72D0BCCB}"
EndProject
Project("{8BC9CEB8-8B4A-11D0-8D11-00A0C91BC942}") = "MsgPassingComm", "CppCommWithFileXfer\MsgPassingComm\MsgPassingComm.vcxproj", "{6E58E051-CC07-4D7F-92A4-06A117A79CA7}"
EndProject
Project("{8BC9CEB8-8B4A-11D0-8D11-00A0C91BC942}") = "Message", "CppCommWithFileXfer\Message\Message.vcxproj", "{4133D528-AB6D-4CCD-AF37-67536F36154C}"
EndProject
Project("{8BC9CEB8-8B4A-11D0-8D11-00A0C91BC942}") = "zWindowsHelpers", "CppCommWithFileXfer\WindowsHelpers\zWindowsHelpers.vcxproj", "{3407BBC5-5BC7-4BD7-860D-CBC24715737B}"
EndProject
Project("{8BC9CEB8-8B4A-11D0-8D11-00A0C91BC942}") = "Server", "Server\Server.vcxproj", "{8738865C-A0CE-4B1A-91E3-07267D719B25}"
EndProject
Project("{8BC9CEB8-8B4A-11D0-8D11-00A0C91BC942}") = "CommLibWrapper", "CommLibWrapper\CommLibWrapper.vcxproj", "{B1DB1846-C0FC-48EF-80E4-DC556E9240FA}"
EndProject
Project("{8BC9CEB8-8B4A-11D0-8D11-00A0C91BC942}") = "Translater", "Translater\Translater.vcxproj", "{6105617E-3D4C-4914-BA33-E3D053496BA3}"
EndProject
Global
	GlobalSection(SolutionConfigurationPlatforms) = preSolution
		Debug|Any CPU = Debug|Any CPU
		Debug|x64 = Debug|x64
		Debug|x86 = Debug|x86
		Release|Any CPU = Release|Any CPU
		Release|x64 = Release|x64
		Release|x86 = Release|x86
	EndGlobalSection
	GlobalSection(ProjectConfigurationPlatforms) = postSolution
		{50C08623-DCF8-4A4D-881B-361D047A160A}.Debug|Any CPU.ActiveCfg = Debug|Win32
		{50C08623-DCF8-4A4D-881B-361D047A160A}.Debug|x64.ActiveCfg = Debug|x64
		{50C08623-DCF8-4A4D-881B-361D047A160A}.Debug|x64.Build.0 = Debug|x64
		{50C08623-DCF8-4A4D-881B-361D047A160A}.Debug|x86.ActiveCfg = Debug|Win32
		{50C08623-DCF8-4A4D-881B-361D047A160A}.Debug|x86.Build.0 = Debug|Win32
		{50C08623-DCF8-4A4D-881B-361D047A160A}.Release|Any CPU.ActiveCfg = Release|Win32
		{50C08623-DCF8-4A4D-881B-361D047A160A}.Release|x64.ActiveCfg = Release|x64
		{50C08623-DCF8-4A4D-881B-361D047A160A}.Release|x64.Build.0 = Release|x64
		{50C08623-DCF8-4A4D-881B-361D047A160A}.Release|x86.ActiveCfg = Release|Win32
		{50C08623-DCF8-4A4D-881B-361D047A160A}.Release|x86.Build.0 = Release|Win32
		{FE34F2E6-255B-4B36-9844-1924F79D8B0D}.Debug|Any CPU.ActiveCfg = Debug|Any CPU
		{FE34F2E6-255B-4B36-9844-1924F79D8B0D}.Debug|Any CPU.Build.0 = Debug|Any CPU
		{FE34F2E6-255B-4B36-9844-1924F79D8B0D}.Debug|x64.ActiveCfg = Debug|Any CPU
		{FE34F2E6-255B-4B36-9844-1924F79D8B0D}.Debug|x64.Build.0 = Debug|Any CPU
		{FE34F2E6-255B-4B36-9844-1924F79D8B0D}.Debug|x86.ActiveCfg = Debug|x86
		{FE34F2E6-255B-4B36-9844-1924F79D8B0D}.Debug|x86.Build.0 = Debug|x86
		{FE34F2E6-255B-4B36-9844-1924F79D8B0D}.Release|Any CPU.ActiveCfg = Release|Any CPU
		{FE34F2E6-255B-4B36-9844-1924F79D8B0D}.Release|Any CPU.Build.0 = Release|Any CPU
		{FE34F2E6-255B-4B36-9844-1924F79D8B0D}.Release|x64.ActiveCfg = Release|Any CPU
		{FE34F2E6-255B-4B36-9844-1924F79D8B0D}.Release|x64.Build.0 = Release|Any CPU
		{FE34F2E6-255B-4B36-9844-1924F79D8B0D}.Release|x86.ActiveCfg = Release|x86
		{FE34F2E6-255B-4B36-9844-1924F79D8B0D}.Release|x86.Build.0 = Release|x86
		{EFC85E58-C486-42CC-B03A-BA5A02AAA482}.Debug|Any CPU.ActiveCfg = Debug|Win32
		{EFC85E58-C486-42CC-B03A-BA5A02AAA482}.Debug|x64.ActiveCfg = Debug|x64
		{EFC85E58-C486-42CC-B03A-BA5A02AAA482}.Debug|x64.Build.0 = Debug|x64
		{EFC85E58-C486-42CC-B03A-BA5A02AAA482}.Debug|x86.ActiveCfg = Debug|Win32
		{EFC85E58-C486-42CC-B03A-BA5A02AAA482}.Debug|x86.Build.0 = Debug|Win32
		{EFC85E58-C486-42CC-B03A-BA5A02AAA482}.Release|Any CPU.ActiveCfg = Release|Win32
		{EFC85E58-C486-42CC-B03A-BA5A02AAA482}.Release|x64.ActiveCfg = Release|x64
		{EFC85E58-C486-42CC-B03A-BA5A02AAA482}.Release|x64.Build.0 = Release|x64
		{EFC85E58-C486-42CC-B03A-BA5A02AAA482}.Release|x86.ActiveCfg = Release|Win32
		{EFC85E58-C486-42CC-B03A-BA5A02AAA482}.Release|x86.Build.0 = Release|Win32
		{EA9B09C3-4FBB-455A-AF80-1CFDF9C17143}.Debug|Any CPU.ActiveCfg = Debug|Win32
		{EA9B09C3-4FBB-455A-AF80-1CFDF9C17143}.Debug|x64.ActiveCfg = Debug|x64
		{EA9B09C3-4FBB-455A-AF80-1CFDF9C17143}.Debug|x64.Build.0 = Debug|x64
		{EA9B09C3-4FBB-455A-AF80-1CFDF9C17143}.Debug|x86.ActiveCfg = Debug|Win32
		{EA9B09C3-4FBB-455A-AF80-1CFDF9C17143}.Debug|x86.Build.0 = Debug|Win32
		{EA9B09C3-4FBB-455A-AF80-1CFDF9C17143}.Release|Any CPU.ActiveCfg = Release|Win32
		{EA9B09C3-4FBB-455A-AF80-1CFDF9C17143}.Release|x64.ActiveCfg = Release|x64
		{EA9B09C3-4FBB-455A-AF80-1CFDF9C17143}.Release|x64.Build.0 = Release|x64
		{EA9B09C3-4FBB-455A-AF80-1CFDF9C17143}.Release|x86.ActiveCfg = Release|Win32
		{EA9B09C3-4FBB-455A-AF80-1CFDF9C17143}.Release|x86.Build.0 = Release|Win32
		{D62F26AD-4744-4FCF-83D9-FC02A3BF07A9}.Debug|Any CPU.ActiveCfg = Debug|Win32
		{D62F26AD-4744-4FCF-83D9-FC02A3BF07A9}.Debug|x64.ActiveCfg = Debug|x64
		{D62F26AD-4744-4FCF-83D9-FC02A3BF07A9}.Debug|x64.Build.0 = Debug|x64
		{D62F26AD-4744-4FCF-83D9-FC02A3BF07A9}.Debug|x86.ActiveCfg = Debug|Win32
		{D62F26AD-4744-4FCF-83D9-FC02A3BF07A9}.Debug|x86.Build.0 = Debug|Win32
		{D62F26AD-4744-4FCF-83D9-FC02A3BF07A9}.Release|Any CPU.ActiveCfg = Release|Win32
		{D62F26AD-4744-4FCF-83D9-FC02A3BF07A9}.Release|x64.ActiveCfg = Release|x64
		{D62F26AD-4744-4FCF-83D9-FC02A3BF07A9}.Release|x64.Build.0 = Release|x64
		{D62F26AD-4744-4FCF-83D9-FC02A3BF07A9}.Release|x86.ActiveCfg = Release|Win32
		{D62F26AD-4744-4FCF-83D9-FC02A3BF07A9}.Release|x86.Build.0 = Release|Win32
		{9D238CB9-978F-4226-97B3-BE66FC1EB1E2}.Debug|Any CPU.ActiveCfg = Debug|Win32
		{9D238CB9-978F-4226-97B3-BE66FC1EB1E2}.Debug|x64.ActiveCfg = Debug|x64
		{9D238CB9-978F-4226-97B3-BE66FC1EB1E2}.Debug|x64.Build.0 = Debug|x64
		{9D238CB9-978F-4226-97B3-BE66FC1EB1E2}.Debug|x86.ActiveCfg = Debug|Win32
		{9D238CB9-978F-4226-97B3-BE66FC1EB1E2}.Debug|x86.Build.0 = Debug|Win32
		{9D238CB9-978F-4226-97B3-BE66FC1EB1E2}.Release|Any CPU.ActiveCfg = Release|Win32
		{9D238CB9-978F-4226-97B3-BE66FC1EB1E2}.Release|x64.ActiveCfg = Release|x64
		{9D238CB9-978F-4226-97B3-BE66FC1EB1E2}.Release|x64.Build.0 = Release|x64
		{9D238CB9-978F-4226-97B3-BE66FC1EB1E2}.Release|x86.ActiveCfg = Release|Win32
		{9D238CB9-978F-4226-97B3-BE66FC1EB1E2}.Release|x86.Build.0 = Release|Win32
		{FC04595E-38D3-4F0F-84E4-C550FC73763B}.Debug|Any CPU.ActiveCfg = Debug|Win32
		{FC04595E-38D3-4F0F-84E4-C550FC73763B}.Debug|x64.ActiveCfg = Debug|x64
		{FC04595E-38D3-4F0F-84E4-C550FC73763B}.Debug|x64.Build.0 = Debug|x64
		{FC04595E-38D3-4F0F-84E4-C550FC73763B}.Debug|x86.ActiveCfg = Debug|Win32
		{FC04595E-38D3-4F0F-84E4-C550FC73763B}.Debug|x86.Build.0 = Debug|Win32
		{FC04595E-38D3-4F0F-84E4-C550FC73763B}.Release|Any CPU.ActiveCfg = Release|Win32
		{FC04595E-38D3-4F0F-84E4-C550FC73763B}.Release|x64.ActiveCfg = Release|x64
		{FC04595E-38D3-4F0F-84E4-C550FC73763B}.Release|x64.Build.0 = Release|x64
		{FC04595E-38D3-4F0F-84E4-C550FC73763B}.Release|x86.ActiveCfg = Release|Win32
		{FC04595E-38D3-4F0F-84E4-C550FC73763B}.Release|x86.Build.0 = Release|Win32
		{D54D37E3-B0CE-4B52-BB3E-559C96D48E34}.Debug|Any CPU.ActiveCfg = Debug|Win32
		{D54D37E3-B0CE-4B52-BB3E-559C96D48E34}.Debug|x64.ActiveCfg = Debug|x64
		{D54D37E3-B0CE-4B52-BB3E-559C96D48E34}.Debug|x64.Build.0 = Debug|x64
		{D54D37E3-B0CE-4B52-BB3E-559C96D48E34}.Debug|x86.ActiveCfg = Debug|Win32
		{D54D37E3-B0CE-4B52-BB3E-559C96D48E34}.Debug|x86.Build.0 = Debug|Win32
		{D54D37E3-B0CE-4B52-BB3E-559C96D48E34}.Release|Any CPU.ActiveCfg = Release|Win32
		{D54D37E3-B0CE-4B52-BB3E-559C96D48E34}.Release|x64.ActiveCfg = Release|x64
		{D54D37E3-B0CE-4B52-BB3E-559C96D48E34}.Release|x64.Build.0 = Release|x64
		{D54D37E3-B0CE-4B52-BB3E-559C96D48E34}.Release|x86.ActiveCfg = Release|Win32
		{D54D37E3-B0CE-4B52-BB3E-559C96D48E34}.Release|x86.Build.0 = Release|Win32
		{255577DE-F1F4-4BFD-9C03-099E1168E474}.Debug|Any CPU.ActiveCfg = Debug|Win32
		{255577DE-F1F4-4BFD-9C03-099E1168E474}.Debug|x64.ActiveCfg = Debug|x64
		{255577DE-F1F4-4BFD-9C03-099E1168E474}.Debug|x64.Build.0 = Debug|x64
		{255577DE-F1F4-4BFD-9C03-099E1168E474}.Debug|x86.ActiveCfg = Debug|Win32
		{255577DE-F1F4-4BFD-9C03-099E1168E474}.Debug|x86.Build.0 = Debug|Win32
		{255577DE-F1F4-4BFD-9C03-099E1168E474}.Release|Any CPU.ActiveCfg = Release|Win32
		{255577DE-F1F4-4BFD-9C03-099E1168E474}.Release|x64.ActiveCfg = Release|x64
		{255577DE-F1F4-4BFD-9C03-099E1168E474}.Release|x64.Build.0 = Release|x64
		{255577DE-F1F4-4BFD-9C03-099E1168E474}.Release|x86.ActiveCfg = Release|Win32
		{255577DE-F1F4-4BFD-9C03-099E1168E474}.Release|x86.Build.0 = Release|Win32
		{B9CA815B-4C30-4064-9FE4-1E38225FA960}.Debug|Any CPU.ActiveCfg = Debug|Win32
		{B9CA815B-4C30-4064-9FE4-1E38225FA960}.Debug|x64.ActiveCfg = Debug|x64
		{B9CA815B-4C30-4064-9FE4-1E38225FA960}.Debug|x64.Build.0 = Debug|x64
		{B9CA815B-4C30-4064-9FE4-1E38225FA960}.Debug|x86.ActiveCfg = Debug|Win32
		{B9CA815B-4C30-4064-9FE4-1E38225FA960}.Debug|x86.Build.0 = Debug|Win32
		{B9CA815B-4C30-4064-9FE4-1E38225FA960}.Release|Any CPU.ActiveCfg = Release|Win32
		{B9CA815B-4C30-4064-9FE4-1E38225FA960}.Release|x64.ActiveCfg = Release|x64
		{B9CA815B-4C30-4064-9FE4-1E38225FA960}.Release|x64.Build.0 = Release|x64
		{B9CA815B-4C30-4064-9FE4-1E38225FA960}.Release|x86.ActiveCfg = Release|Win32
		{B9CA815B-4C30-4064-9FE4-1E38225FA960}.Release|x86.Build.0 = Release|Win32
		{DBADCE6B-0B5F-4CCB-9A9D-866DBFC3FC45}.Debug|Any CPU.ActiveCfg = Debug|Win32
		{DBADCE6B-0B5F-4CCB-9A9D-866DBFC3FC45}.Debug|x64.ActiveCfg = Debug|x64
		{DBADCE6B-0B5F-4CCB-9A9D-866DBFC3FC45}.Debug|x64.Build.0 = Debug|x64
		{DBADCE6B-0B5F-4CCB-9A9D-866DBFC3FC45}.Debug|x86.ActiveCfg = Debug|Win32
		{DBADCE6B-0B5F-4CCB-9A9D-866DBFC3FC45}.Debug|x86.Build.0 = Debug|Win32
		{DBADCE6B-0B5F-4CCB-9A9D-866DBFC3FC45}.Release|Any CPU.ActiveCfg = Release|Win32
		{DBADCE6B-0B5F-4CCB-9A9D-866DBFC3FC45}.Release|x64.ActiveCfg = Release|x64
		{DBADCE6B-0B5F-4CCB-9A9D-866DBFC3FC45}.Release|x64.Build.0 = Release|x64
		{DBADCE6B-0B5F-4CCB-9A9D-866DBFC3FC45}.Release|x86.ActiveCfg = Release|Win32
		{DBADCE6B-0B5F-4CCB-9A9D-866DBFC3FC45}.Release|x86.Build.0 = Release|Win32
		{77BE9964-7862-4D05-AFF0-B42718AAE386}.Debug|Any CPU.ActiveCfg = Debug|Win32
		{77BE9964-7862-4D05-AFF0-B42718AAE386}.Debug|x64.ActiveCfg = Debug|x64
		{77BE9964-7862-4D05-AFF0-B42718AAE386}.Debug|x64.Build.0 = Debug|x64
		{77BE9964-7862-4D05-AFF0-B42718AAE386}.Debug|x86.ActiveCfg = Debug|Win32
		{77BE9964-7862-4D05-AFF0-B42718AAE386}.Debug|x86.Build.0 = Debug|Win32
		{77BE9964-7862-4D05-AFF0-B42718AAE386}.Release|Any CPU.ActiveCfg = Release|Win32
		{77BE9964-7862-4D05-AFF0-B42718AAE386}.Release|x64.ActiveCfg = Release|x64
		{77BE9964-7862-4D05-AFF0-B42718AAE386}.Release|x64.Build.0 = Release|x64
		{77BE9964-7862-4D05-AFF0-B42718AAE386}.Release|x86.ActiveCfg = Release|Win32
		{77BE9964-7862-4D05-AFF0-B42718AAE386}.Release|x86.Build.0 = Release|Win32
		{5E2548A1-C280-49E1-A2B6-55F4BA12B3F2}.Debug|Any CPU.ActiveCfg = Debug|Win32
		{5E2548A1-C280-49E1-A2B6-55F4BA12B3F2}.Debug|x64.ActiveCfg = Debug|x64
		{5E2548A1-C280-49E1-A2B6-55F4BA12B3F2}.Debug|x64.Build.0 = Debug|x64
		{5E2548A1-C280-49E1-A2B6-55F4BA12B3F2}.Debug|x86.ActiveCfg = Debug|Win32
		{5E2548A1-C280-49E1-A2B6-55F4BA12B3F2}.Debug|x86.Build.0 = Debug|Win32
		{5E2548A1-C280-49E1-A2B6-55F4BA12B3F2}.Release|Any CPU.ActiveCfg = Release|Win32
		{5E2548A1-C280-49E1-A2B6-55F4BA12B3F2}.Release|x64.ActiveCfg = Release|x64
		{5E2548A1-C280-49E1-A2B6-55F4BA12B3F2}.Release|x64.Build.0 = Release|x64
		{5E2548A1-C280-49E1-A2B6-55F4BA12B3F2}.Release|x86.ActiveCfg = Release|Win32
		{5E2548A1-C280-49E1-A2B6-55F4BA12B3F2}.Release|x86.Build.0 = Release|Win32
		{04CB7A5F-7472-4F19-9EA9-00B80063658C}.Debug|Any CPU.ActiveCfg = Debug|Win32
		{04CB7A5F-7472-4F19-9EA9-00B80063658C}.Debug|x64.ActiveCfg = Debug|x64
		{04CB7A5F-7472-4F19-9EA9-00B80063658C}.Debug|x64.Build.0 = Debug|x64
		{04CB7A5F-7472-4F19-9EA9-00B80063658C}.Debug|x86.ActiveCfg = Debug|Win32
		{04CB7A5F-7472-4F19-9EA9-00B80063658C}.Debug|x86.Build.0 = Debug|Win32
		{04CB7A5F-7472-4F19-9EA9-00B80063658C}.Release|Any CPU.ActiveCfg = Release|Win32
		{04CB7A5F-7472-4F19-9EA9-00B80063658C}.Release|x64.ActiveCfg = Release|x64
		{04CB7A5F-7472-4F19-9EA9-00B80063658C}.Release|x64.Build.0 = Release|x64
		{04CB7A5F-7472-4F19-9EA9-00B80063658C}.Release|x86.ActiveCfg = Release|Win32
		{04CB7A5F-7472-4F19-9EA9-00B80063658C}.Release|x86.Build.0 = Release|Win32
		{8006BB01-EE84-43EA-9C98-4216A68F2530}.Debug|Any CPU.ActiveCfg = Debug|Win32
		{8006BB01-EE84-43EA-9C98-4216A68F2530}.Debug|x64.ActiveCfg = Debug|x64
		{8006BB01-EE84-43EA-9C98-4216A68F2530}.Debug|x64.Build.0 = Debug|x64
		{8006BB01-EE84-43EA-9C98-4216A68F2530}.Debug|x86.ActiveCfg = Debug|Win32
		{8006BB01-EE84-43EA-9C98-4216A68F2530}.Debug|x86.Build.0 = Debug|Win32
		{8006BB01-EE84-43EA-9C98-4216A68F2530}.Release|Any CPU.ActiveCfg = Release|Win32
		{8006BB01-EE84-43EA-9C98-4216A68F2530}.Release|x64.ActiveCfg = Release|x64
		{8006BB01-EE84-43EA-9C98-4216A68F2530}.Release|x64.Build.0 = Release|x64
		{8006BB01-EE84-43EA-9C98-4216A68F2530}.Release|x86.ActiveCfg = Release|Win32
		{8006BB01-EE84-43EA-9C98-4216A68F2530}.Release|x86.Build.0 = Release|Win32
		{CA3129B8-1BF4-44C9-B116-53EC72D0BCCB}.Debug|Any CPU.ActiveCfg = Debug|Win32
		{CA3129B8-1BF4-44C9-B116-53EC72D0BCCB}.Debug|x64.ActiveCfg = Debug|Win32
		{CA3129B8-1BF4-44C9-B116-53EC72D0BCCB}.Debug|x86.ActiveCfg = Debug|Win32
		{CA3129B8-1BF4-44C9-B116-53EC72D0BCCB}.Debug|x86.Build.0 = Debug|Win32
		{CA3129B8-1BF4-44C9-B116-53EC72D0BCCB}.Release|Any CPU.ActiveCfg = Release|Win32
		{CA3129B8-1BF4-44C9-B116-53EC72D0BCCB}.Release|x64.ActiveCfg = Release|Win32
		{CA3129B8-1BF4-44C9-B116-53EC72D0BCCB}.Release|x86.ActiveCfg = Release|Win32
		{CA3129B8-1BF4-44C9-B116-53EC72D0BCCB}.Release|x86.Build.0 = Release|Win32
		{6E58E051-CC07-4D7F-92A4-06A117A79CA7}.Debug|Any CPU.ActiveCfg = Debug|Win32
		{6E58E051-CC07-4D7F-92A4-06A117A79CA7}.Debug|x64.ActiveCfg = Debug|x64
		{6E58E051-CC07-4D7F-92A4-06A117A79CA7}.Debug|x64.Build.0 = Debug|x64
		{6E58E051-CC07-4D7F-92A4-06A117A79CA7}.Debug|x86.ActiveCfg = Debug|Win32
		{6E58E051-CC07-4D7F-92A4-06A117A79CA7}.Debug|x86.Build.0 = Debug|Win32
		{6E58E051-CC07-4D7F-92A4-06A117A79CA7}.Release|Any CPU.ActiveCfg = Release|Win32
		{6E58E051-CC07-4D7F-92A4-06A117A79CA7}.Release|x64.ActiveCfg = Release|x64
		{6E58E051-CC07-4D7F-92A4-06A117A79CA7}.Release|x64.Build.0 = Release|x64
		{6E58E051-CC07-4D7F-92A4-06A117A79CA7}.Release|x86.ActiveCfg = Release|Win32
		{6E58E051-CC07-4D7F-92A4-06A117A79CA7}.Release|x86.Build.0 = Release|Win32
		{4133D528-AB6D-4CCD-AF37-67536F36154C}.Debug|Any CPU.ActiveCfg = Debug|Win32
		{4133D528-AB6D-4CCD-AF37-67536F36154C}.Debug|x64.ActiveCfg = Debug|x64
		{4133D528-AB6D-4CCD-AF37-67536F36154C}.Debug|x64.Build.0 = Debug|x64
		{4133D528-AB6D-4CCD-AF37-67536F36154C}.Debug|x86.ActiveCfg = Debug|Win32
		{4133D528-AB6D-4CCD-AF37-67536F36154C}.Debug|x86.Build.0 = Debug|Win32
		{4133D528-AB6D-4CCD-AF37-67536F36154C}.Release|Any CPU.ActiveCfg = Release|Win32
		{4133D528-AB6D-4CCD-AF37-67536F36154C}.Release|x64.ActiveCfg = Release|x64
		{4133D528-AB6D-4CCD-AF37-67536F36154C}.Release|x64.Build.0 = Release|x64
		{4133D528-AB6D-4CCD-AF37-67536F36154C}.Release|x86.ActiveCfg = Release|Win32
		{4133D528-AB6D-4CCD-AF37-67536F36154C}.Release|x86.Build.0 = Release|Win32
		{3407BBC5-5BC7-4BD7-860D-CBC24715737B}.Debug|Any CPU.ActiveCfg = Debug|Win32
		{3407BBC5-5BC7-4BD7-860D-CBC24715737B}.Debug|x64.ActiveCfg = Debug|Win32
		{3407BBC5-5BC7-4BD7-860D-CBC24715737B}.Debug|x86.ActiveCfg = Debug|Win32
		{3407BBC5-5BC7-4BD7-860D-CBC24715737B}.Debug|x86.Build.0 = Debug|Win32
		{3407BBC5-5BC7-4BD7-860D-CBC24715737B}.Release|Any CPU.ActiveCfg = Release|Win32
		{3407BBC5-5BC7-4BD7-860D-CBC24715737B}.Release|x64.ActiveCfg = Release|Win32
		{3407BBC5-5BC7-4BD7-860D-CBC24715737B}.Release|x86.ActiveCfg = Release|Win32
		{3407BBC5-5BC7-4BD7-860D-CBC24715737B}.Release|x86.Build.0 = Release|Win32
		{8738865C-A0CE-4B1A-91E3-07267D719B25}.Debug|Any CPU.ActiveCfg = Debug|Win32
		{8738865C-A0CE-4B1A-91E3-07267D719B25}.Debug|x64.ActiveCfg = Debug|x64
		{8738865C-A0CE-4B1A-91E3-07267D719B25}.Debug|x64.Build.0 = Debug|x64
		{8738865C-A0CE-4B1A-91E3-07267D719B25}.Debug|x86.ActiveCfg = Debug|Win32
		{8738865C-A0CE-4B1A-91E3-07267D719B25}.Debug|x86.Build.0 = Debug|Win32
		{8738865C-A0CE-4B1A-91E3-07267D719B25}.Release|Any CPU.ActiveCfg = Release|Win32
		{8738865C-A0CE-4B1A-91E3-07267D719B25}.Release|x64.ActiveCfg = Release|x64
		{8738865C-A0CE-4B1A-91E3-07267D719B25}.Release|x64.Build.0 = Release|x64
		{8738865C-A0CE-4B1A-91E3-07267D719B25}.Release|x86.ActiveCfg = Release|Win32
		{8738865C-A0CE-4B1A-91E3-07267D719B25}.Release|x86.Build.0 = Release|Win32
		{B1DB1846-C0FC-48EF-80E4-DC556E9240FA}.Debug|Any CPU.ActiveCfg = Debug|Win32
		{B1DB1846-C0FC-48EF-80E4-DC556E9240FA}.Debug|x64.ActiveCfg = Debug|x64
		{B1DB1846-C0FC-48EF-80E4-DC556E9240FA}.Debug|x64.Build.0 = Debug|x64
		{B1DB1846-C0FC-48EF-80E4-DC556E9240FA}.Debug|x86.ActiveCfg = Debug|Win32
		{B1DB1846-C0FC-48EF-80E4-DC556E9240FA}.Debug|x86.Build.0 = Debug|Win32
		{B1DB1846-C0FC-48EF-80E4-DC556E9240FA}.Release|Any CPU.ActiveCfg = Release|Win32
		{B1DB1846-C0FC-48EF-80E4-DC556E9240FA}.Release|x64.ActiveCfg = Release|x64
		{B1DB1846-C0FC-48EF-80E4-DC556E9240FA}.Release|x64.Build.0 = Release|x64
		{B1DB1846-C0FC-48EF-80E4-DC556E9240FA}.Release|x86.ActiveCfg = Release|Win32
		{B1DB1846-C0FC-48EF-80E4-DC556E9240FA}.Release|x86.Build.0 = Release|Win32
		{6105617E-3D4C-4914-BA33-E3D053496BA3}.Debug|Any CPU.ActiveCfg = Debug|Win32
		{6105617E-3D4C-4914-BA33-E3D053496BA3}.Debug|x64.ActiveCfg = Debug|x64
		{6105617E-3D4C-4914-BA33-E3D053496BA3}.Debug|x64.Build.0 = Debug|x64
		{6105617E-3D4C-4914-BA33-E3D053496BA3}.Debug|x86.ActiveCfg = Debug|Win32
		{6105617E-3D4C-4914-BA33-E3D053496BA3}.Debug|x86.Build.0 = Debug|Win32
		{6105617E-3D4C-4914-BA33-E3D053496BA3}.Release|Any CPU.ActiveCfg = Release|Win32
		{6105617E-3D4C-4914-BA33-E3D053496BA3}.Release|x64.ActiveCfg = Release|x64
		{6105617E-3D4C-4914-BA33-E3D053496BA3}.Release|x64.Build.0 = Release|x64
		{6105617E-3D4C-4914-BA33-E3D053496BA3}.Release|x86.ActiveCfg = Release|Win32
		{6105617E-3D4C-4914-BA33-E3D053496BA3}.Release|x86.Build.0 = Release|Win32
	EndGlobalSection
	GlobalSection(SolutionProperties) = preSolution
		HideSolutionNode = FALSE
	EndGlobalSection
	GlobalSection(ExtensibilityGlobals) = postSolution
		SolutionGuid = {84F5965F-D72B-467E-9726-1C3CE0506EC5}
	EndGlobalSection
EndGlobal
